
Microsoft Visual Studio Solution File, Format Version 12.00
# Visual Studio 15
VisualStudioVersion = 15.0.28307.1209
MinimumVisualStudioVersion = 10.0.40219.1
Project("{8BC9CEB8-8B4A-11D0-8D11-00A0C91BC942}") = "SprTexReplace", "SprTexReplace\SprTexReplace.vcxproj", "{6ED3902C-C684-47AF-8071-561B4563E7FA}"
EndProject
Project("{8BC9CEB8-8B4A-11D0-8D11-00A0C91BC942}") = "PluginCommon", "PluginCommon\PluginCommon.vcxproj", "{B98E3DE5-EF06-4BF3-AEB0-B3F3B2D815A1}"
EndProject
Global
	GlobalSection(SolutionConfigurationPlatforms) = preSolution
		Debug|x64 = Debug|x64
		Release|x64 = Release|x64
	EndGlobalSection
	GlobalSection(ProjectConfigurationPlatforms) = postSolution
		{6ED3902C-C684-47AF-8071-561B4563E7FA}.Debug|x64.ActiveCfg = Debug|x64
		{6ED3902C-C684-47AF-8071-561B4563E7FA}.Debug|x64.Build.0 = Debug|x64
		{6ED3902C-C684-47AF-8071-561B4563E7FA}.Release|x64.ActiveCfg = Release|x64
		{6ED3902C-C684-47AF-8071-561B4563E7FA}.Release|x64.Build.0 = Release|x64
		{B98E3DE5-EF06-4BF3-AEB0-B3F3B2D815A1}.Debug|x64.ActiveCfg = Debug|x64
		{B98E3DE5-EF06-4BF3-AEB0-B3F3B2D815A1}.Debug|x64.Build.0 = Debug|x64
		{B98E3DE5-EF06-4BF3-AEB0-B3F3B2D815A1}.Release|x64.ActiveCfg = Release|x64
		{B98E3DE5-EF06-4BF3-AEB0-B3F3B2D815A1}.Release|x64.Build.0 = Release|x64
	EndGlobalSection
	GlobalSection(SolutionProperties) = preSolution
		HideSolutionNode = FALSE
	EndGlobalSection
	GlobalSection(ExtensibilityGlobals) = postSolution
		SolutionGuid = {2E443D1C-5F5A-4177-867A-9CCC7245388C}
	EndGlobalSection
EndGlobal
